
Microsoft Visual Studio Solution File, Format Version 11.00
# Visual Studio 2010
Project("{FAE04EC0-301F-11D3-BF4B-00C04F79EFBC}") = "accountdetails", "accountdetails\accountdetails.csproj", "{038B3E60-CE92-4F08-BF22-59C0BB8DEEDB}"
EndProject
Global
	GlobalSection(SolutionConfigurationPlatforms) = preSolution
		Debug|Any CPU = Debug|Any CPU
		Release|Any CPU = Release|Any CPU
	EndGlobalSection
	GlobalSection(ProjectConfigurationPlatforms) = postSolution
		{038B3E60-CE92-4F08-BF22-59C0BB8DEEDB}.Debug|Any CPU.ActiveCfg = Debug|Any CPU
		{038B3E60-CE92-4F08-BF22-59C0BB8DEEDB}.Debug|Any CPU.Build.0 = Debug|Any CPU
		{038B3E60-CE92-4F08-BF22-59C0BB8DEEDB}.Release|Any CPU.ActiveCfg = Release|Any CPU
		{038B3E60-CE92-4F08-BF22-59C0BB8DEEDB}.Release|Any CPU.Build.0 = Release|Any CPU
	EndGlobalSection
	GlobalSection(SolutionProperties) = preSolution
		HideSolutionNode = FALSE
	EndGlobalSection
EndGlobal
